
Microsoft Visual Studio Solution File, Format Version 12.00
# Visual Studio Version 16
VisualStudioVersion = 16.0.29613.14
MinimumVisualStudioVersion = 10.0.40219.1
Project("{9A19103F-16F7-4668-BE54-9A1E7A4F7556}") = "SeloEletronicoAM.Core", "SeloEletronicoAM\SeloEletronicoAM.Core.csproj", "{29D7A859-0516-4D33-80D8-79E778E17AE3}"
EndProject
Project("{9A19103F-16F7-4668-BE54-9A1E7A4F7556}") = "SeloEletronicoAM.Testes", "SeloEletronicoAM.Testes\SeloEletronicoAM.Testes.csproj", "{F4D72671-728D-4460-B769-35184C4E797B}"
EndProject
Project("{9A19103F-16F7-4668-BE54-9A1E7A4F7556}") = "SeloEletronicoAM.WinForms", "SeloEletronicoAM.WinForms\SeloEletronicoAM.WinForms.csproj", "{A6869855-61B3-417C-9C04-ACAFBCCD7B13}"
EndProject
Project("{9A19103F-16F7-4668-BE54-9A1E7A4F7556}") = "SelosAM.ConsoleApp", "SeloEletronicoAM.ConsoleApp\SelosAM.ConsoleApp.csproj", "{F100A4F9-7090-49DE-BFCC-8DE854EC72DD}"
EndProject
Project("{9A19103F-16F7-4668-BE54-9A1E7A4F7556}") = "SeloEletronicoAM.WPF", "SeloEletronicoAM.WPF\SeloEletronicoAM.WPF.csproj", "{440EFA82-6266-4392-9EFE-85DFA411F55F}"
EndProject
Global
	GlobalSection(SolutionConfigurationPlatforms) = preSolution
		Debug|Any CPU = Debug|Any CPU
		Release|Any CPU = Release|Any CPU
	EndGlobalSection
	GlobalSection(ProjectConfigurationPlatforms) = postSolution
		{29D7A859-0516-4D33-80D8-79E778E17AE3}.Debug|Any CPU.ActiveCfg = Debug|Any CPU
		{29D7A859-0516-4D33-80D8-79E778E17AE3}.Debug|Any CPU.Build.0 = Debug|Any CPU
		{29D7A859-0516-4D33-80D8-79E778E17AE3}.Release|Any CPU.ActiveCfg = Release|Any CPU
		{29D7A859-0516-4D33-80D8-79E778E17AE3}.Release|Any CPU.Build.0 = Release|Any CPU
		{F4D72671-728D-4460-B769-35184C4E797B}.Debug|Any CPU.ActiveCfg = Debug|Any CPU
		{F4D72671-728D-4460-B769-35184C4E797B}.Debug|Any CPU.Build.0 = Debug|Any CPU
		{F4D72671-728D-4460-B769-35184C4E797B}.Release|Any CPU.ActiveCfg = Release|Any CPU
		{F4D72671-728D-4460-B769-35184C4E797B}.Release|Any CPU.Build.0 = Release|Any CPU
		{A6869855-61B3-417C-9C04-ACAFBCCD7B13}.Debug|Any CPU.ActiveCfg = Debug|Any CPU
		{A6869855-61B3-417C-9C04-ACAFBCCD7B13}.Debug|Any CPU.Build.0 = Debug|Any CPU
		{A6869855-61B3-417C-9C04-ACAFBCCD7B13}.Release|Any CPU.ActiveCfg = Release|Any CPU
		{A6869855-61B3-417C-9C04-ACAFBCCD7B13}.Release|Any CPU.Build.0 = Release|Any CPU
		{F100A4F9-7090-49DE-BFCC-8DE854EC72DD}.Debug|Any CPU.ActiveCfg = Debug|Any CPU
		{F100A4F9-7090-49DE-BFCC-8DE854EC72DD}.Debug|Any CPU.Build.0 = Debug|Any CPU
		{F100A4F9-7090-49DE-BFCC-8DE854EC72DD}.Release|Any CPU.ActiveCfg = Release|Any CPU
		{F100A4F9-7090-49DE-BFCC-8DE854EC72DD}.Release|Any CPU.Build.0 = Release|Any CPU
		{440EFA82-6266-4392-9EFE-85DFA411F55F}.Debug|Any CPU.ActiveCfg = Debug|Any CPU
		{440EFA82-6266-4392-9EFE-85DFA411F55F}.Debug|Any CPU.Build.0 = Debug|Any CPU
		{440EFA82-6266-4392-9EFE-85DFA411F55F}.Release|Any CPU.ActiveCfg = Release|Any CPU
		{440EFA82-6266-4392-9EFE-85DFA411F55F}.Release|Any CPU.Build.0 = Release|Any CPU
	EndGlobalSection
	GlobalSection(SolutionProperties) = preSolution
		HideSolutionNode = FALSE
	EndGlobalSection
	GlobalSection(ExtensibilityGlobals) = postSolution
		SolutionGuid = {968E6F40-68FD-45AF-B27D-3BC77D3806B9}
	EndGlobalSection
EndGlobal
